// !$*UTF8*$!
{
	archiveVersion = 1;
	classes = {
	};
	objectVersion = 50;
	objects = {

/* Begin PBXBuildFile section */
		4A3A663022DEFE2E00427D84 /* AppDelegate.m in Sources */ = {isa = PBXBuildFile; fileRef = 4A3A662F22DEFE2E00427D84 /* AppDelegate.m */; };
		4A3A663322DEFE2E00427D84 /* ViewController.m in Sources */ = {isa = PBXBuildFile; fileRef = 4A3A663222DEFE2E00427D84 /* ViewController.m */; };
		4A3A663822DEFE2F00427D84 /* Assets.xcassets in Resources */ = {isa = PBXBuildFile; fileRef = 4A3A663722DEFE2F00427D84 /* Assets.xcassets */; };
		4A3A663B22DEFE2F00427D84 /* LaunchScreen.storyboard in Resources */ = {isa = PBXBuildFile; fileRef = 4A3A663922DEFE2F00427D84 /* LaunchScreen.storyboard */; };
		4A3A663E22DEFE2F00427D84 /* main.m in Sources */ = {isa = PBXBuildFile; fileRef = 4A3A663D22DEFE2F00427D84 /* main.m */; };
		4A3A664822DEFE2F00427D84 /* HelloWorldTests.m in Sources */ = {isa = PBXBuildFile; fileRef = 4A3A664722DEFE2F00427D84 /* HelloWorldTests.m */; };
		4A3A665322DEFE2F00427D84 /* HelloWorldUITests.m in Sources */ = {isa = PBXBuildFile; fileRef = 4A3A665222DEFE2F00427D84 /* HelloWorldUITests.m */; };
		4A3A666022DF00F100427D84 /* Main.storyboard in Resources */ = {isa = PBXBuildFile; fileRef = 4A3A663422DEFE2E00427D84 /* Main.storyboard */; };
		4AAD642A22E848D000B30D4D /* 123.txt in Resources */ = {isa = PBXBuildFile; fileRef = 4AAD642922E848D000B30D4D /* 123.txt */; };
		4AAD642C22E8497700B30D4D /* 789.txt in Resources */ = {isa = PBXBuildFile; fileRef = 4AAD642B22E8497700B30D4D /* 789.txt */; };
/* End PBXBuildFile section */

/* Begin PBXContainerItemProxy section */
		4A3A664422DEFE2F00427D84 /* PBXContainerItemProxy */ = {
			isa = PBXContainerItemProxy;
			containerPortal = 4A3A662322DEFE2E00427D84 /* Project object */;
			proxyType = 1;
			remoteGlobalIDString = 4A3A662A22DEFE2E00427D84;
			remoteInfo = HelloWorld;
		};
		4A3A664F22DEFE2F00427D84 /* PBXContainerItemProxy */ = {
			isa = PBXContainerItemProxy;
			containerPortal = 4A3A662322DEFE2E00427D84 /* Project object */;
			proxyType = 1;
			remoteGlobalIDString = 4A3A662A22DEFE2E00427D84;
			remoteInfo = HelloWorld;
		};
/* End PBXContainerItemProxy section */

/* Begin PBXFileReference section */
		4A3A662B22DEFE2E00427D84 /* HelloWorld.app */ = {isa = PBXFileReference; explicitFileType = wrapper.application; includeInIndex = 0; path = HelloWorld.app; sourceTree = BUILT_PRODUCTS_DIR; };
		4A3A662E22DEFE2E00427D84 /* AppDelegate.h */ = {isa = PBXFileReference; lastKnownFileType = sourcecode.c.h; path = AppDelegate.h; sourceTree = "<group>"; };
		4A3A662F22DEFE2E00427D84 /* AppDelegate.m */ = {isa = PBXFileReference; lastKnownFileType = sourcecode.c.objc; path = AppDelegate.m; sourceTree = "<group>"; };
		4A3A663122DEFE2E00427D84 /* ViewController.h */ = {isa = PBXFileReference; lastKnownFileType = sourcecode.c.h; path = ViewController.h; sourceTree = "<group>"; };
		4A3A663222DEFE2E00427D84 /* ViewController.m */ = {isa = PBXFileReference; lastKnownFileType = sourcecode.c.objc; path = ViewController.m; sourceTree = "<group>"; };
		4A3A663522DEFE2E00427D84 /* Base */ = {isa = PBXFileReference; lastKnownFileType = file.storyboard; name = Base; path = Base.lproj/Main.storyboard; sourceTree = "<group>"; };
		4A3A663722DEFE2F00427D84 /* Assets.xcassets */ = {isa = PBXFileReference; lastKnownFileType = folder.assetcatalog; path = Assets.xcassets; sourceTree = "<group>"; };
		4A3A663A22DEFE2F00427D84 /* Base */ = {isa = PBXFileReference; lastKnownFileType = file.storyboard; name = Base; path = Base.lproj/LaunchScreen.storyboard; sourceTree = "<group>"; };
		4A3A663C22DEFE2F00427D84 /* Info.plist */ = {isa = PBXFileReference; lastKnownFileType = text.plist.xml; path = Info.plist; sourceTree = "<group>"; };
		4A3A663D22DEFE2F00427D84 /* main.m */ = {isa = PBXFileReference; lastKnownFileType = sourcecode.c.objc; path = main.m; sourceTree = "<group>"; };
		4A3A664322DEFE2F00427D84 /* HelloWorldTests.xctest */ = {isa = PBXFileReference; explicitFileType = wrapper.cfbundle; includeInIndex = 0; path = HelloWorldTests.xctest; sourceTree = BUILT_PRODUCTS_DIR; };
		4A3A664722DEFE2F00427D84 /* HelloWorldTests.m */ = {isa = PBXFileReference; lastKnownFileType = sourcecode.c.objc; path = HelloWorldTests.m; sourceTree = "<group>"; };
		4A3A664922DEFE2F00427D84 /* Info.plist */ = {isa = PBXFileReference; lastKnownFileType = text.plist.xml; path = Info.plist; sourceTree = "<group>"; };
		4A3A664E22DEFE2F00427D84 /* HelloWorldUITests.xctest */ = {isa = PBXFileReference; explicitFileType = wrapper.cfbundle; includeInIndex = 0; path = HelloWorldUITests.xctest; sourceTree = BUILT_PRODUCTS_DIR; };
		4A3A665222DEFE2F00427D84 /* HelloWorldUITests.m */ = {isa = PBXFileReference; lastKnownFileType = sourcecode.c.objc; path = HelloWorldUITests.m; sourceTree = "<group>"; };
		4A3A665422DEFE2F00427D84 /* Info.plist */ = {isa = PBXFileReference; lastKnownFileType = text.plist.xml; path = Info.plist; sourceTree = "<group>"; };
		4AAD642922E848D000B30D4D /* 123.txt */ = {isa = PBXFileReference; fileEncoding = 4; lastKnownFileType = text; path = 123.txt; sourceTree = "<group>"; };
		4AAD642B22E8497700B30D4D /* 789.txt */ = {isa = PBXFileReference; fileEncoding = 4; lastKnownFileType = text; path = 789.txt; sourceTree = "<group>"; };
/* End PBXFileReference section */

/* Begin PBXFrameworksBuildPhase section */
		4A3A662822DEFE2E00427D84 /* Frameworks */ = {
			isa = PBXFrameworksBuildPhase;
			buildActionMask = 2147483647;
			files = (
			);
			runOnlyForDeploymentPostprocessing = 0;
		};
		4A3A664022DEFE2F00427D84 /* Frameworks */ = {
			isa = PBXFrameworksBuildPhase;
			buildActionMask = 2147483647;
			files = (
			);
			runOnlyForDeploymentPostprocessing = 0;
		};
		4A3A664B22DEFE2F00427D84 /* Frameworks */ = {
			isa = PBXFrameworksBuildPhase;
			buildActionMask = 2147483647;
			files = (
			);
			runOnlyForDeploymentPostprocessing = 0;
		};
/* End PBXFrameworksBuildPhase section */

/* Begin PBXGroup section */
		4A3A662222DEFE2E00427D84 = {
			isa = PBXGroup;
			children = (
				4A3A662D22DEFE2E00427D84 /* HelloWorld */,
				4A3A664622DEFE2F00427D84 /* HelloWorldTests */,
				4A3A665122DEFE2F00427D84 /* HelloWorldUITests */,
				4A3A662C22DEFE2E00427D84 /* Products */,
				4AAD642922E848D000B30D4D /* 123.txt */,
				4AAD642B22E8497700B30D4D /* 789.txt */,
			);
			sourceTree = "<group>";
		};
		4A3A662C22DEFE2E00427D84 /* Products */ = {
			isa = PBXGroup;
			children = (
				4A3A662B22DEFE2E00427D84 /* HelloWorld.app */,
				4A3A664322DEFE2F00427D84 /* HelloWorldTests.xctest */,
				4A3A664E22DEFE2F00427D84 /* HelloWorldUITests.xctest */,
			);
			name = Products;
			sourceTree = "<group>";
		};
		4A3A662D22DEFE2E00427D84 /* HelloWorld */ = {
			isa = PBXGroup;
			children = (
				4A3A662E22DEFE2E00427D84 /* AppDelegate.h */,
				4A3A662F22DEFE2E00427D84 /* AppDelegate.m */,
				4A3A663122DEFE2E00427D84 /* ViewController.h */,
				4A3A663222DEFE2E00427D84 /* ViewController.m */,
				4A3A663422DEFE2E00427D84 /* Main.storyboard */,
				4A3A663722DEFE2F00427D84 /* Assets.xcassets */,
				4A3A663922DEFE2F00427D84 /* LaunchScreen.storyboard */,
				4A3A663C22DEFE2F00427D84 /* Info.plist */,
				4A3A663D22DEFE2F00427D84 /* main.m */,
			);
			path = HelloWorld;
			sourceTree = "<group>";
		};
		4A3A664622DEFE2F00427D84 /* HelloWorldTests */ = {
			isa = PBXGroup;
			children = (
				4A3A664722DEFE2F00427D84 /* HelloWorldTests.m */,
				4A3A664922DEFE2F00427D84 /* Info.plist */,
			);
			path = HelloWorldTests;
			sourceTree = "<group>";
		};
		4A3A665122DEFE2F00427D84 /* HelloWorldUITests */ = {
			isa = PBXGroup;
			children = (
				4A3A665222DEFE2F00427D84 /* HelloWorldUITests.m */,
				4A3A665422DEFE2F00427D84 /* Info.plist */,
			);
			path = HelloWorldUITests;
			sourceTree = "<group>";
		};
/* End PBXGroup section */

/* Begin PBXNativeTarget section */
		4A3A662A22DEFE2E00427D84 /* HelloWorld */ = {
			isa = PBXNativeTarget;
			buildConfigurationList = 4A3A665722DEFE2F00427D84 /* Build configuration list for PBXNativeTarget "HelloWorld" */;
			buildPhases = (
				4A3A662722DEFE2E00427D84 /* Sources */,
				4A3A662822DEFE2E00427D84 /* Frameworks */,
				4A3A662922DEFE2E00427D84 /* Resources */,
			);
			buildRules = (
			);
			dependencies = (
			);
			name = HelloWorld;
			productName = HelloWorld;
			productReference = 4A3A662B22DEFE2E00427D84 /* HelloWorld.app */;
			productType = "com.apple.product-type.application";
		};
		4A3A664222DEFE2F00427D84 /* HelloWorldTests */ = {
			isa = PBXNativeTarget;
			buildConfigurationList = 4A3A665A22DEFE2F00427D84 /* Build configuration list for PBXNativeTarget "HelloWorldTests" */;
			buildPhases = (
				4A3A663F22DEFE2F00427D84 /* Sources */,
				4A3A664022DEFE2F00427D84 /* Frameworks */,
				4A3A664122DEFE2F00427D84 /* Resources */,
			);
			buildRules = (
			);
			dependencies = (
				4A3A664522DEFE2F00427D84 /* PBXTargetDependency */,
			);
			name = HelloWorldTests;
			productName = HelloWorldTests;
			productReference = 4A3A664322DEFE2F00427D84 /* HelloWorldTests.xctest */;
			productType = "com.apple.product-type.bundle.unit-test";
		};
		4A3A664D22DEFE2F00427D84 /* HelloWorldUITests */ = {
			isa = PBXNativeTarget;
			buildConfigurationList = 4A3A665D22DEFE2F00427D84 /* Build configuration list for PBXNativeTarget "HelloWorldUITests" */;
			buildPhases = (
				4A3A664A22DEFE2F00427D84 /* Sources */,
				4A3A664B22DEFE2F00427D84 /* Frameworks */,
				4A3A664C22DEFE2F00427D84 /* Resources */,
			);
			buildRules = (
			);
			dependencies = (
				4A3A665022DEFE2F00427D84 /* PBXTargetDependency */,
			);
			name = HelloWorldUITests;
			productName = HelloWorldUITests;
			productReference = 4A3A664E22DEFE2F00427D84 /* HelloWorldUITests.xctest */;
			productType = "com.apple.product-type.bundle.ui-testing";
		};
/* End PBXNativeTarget section */

/* Begin PBXProject section */
		4A3A662322DEFE2E00427D84 /* Project object */ = {
			isa = PBXProject;
			attributes = {
				LastUpgradeCheck = 1020;
				ORGANIZATIONNAME = cdk;
				TargetAttributes = {
					4A3A662A22DEFE2E00427D84 = {
						CreatedOnToolsVersion = 10.2;
					};
					4A3A664222DEFE2F00427D84 = {
						CreatedOnToolsVersion = 10.2;
						TestTargetID = 4A3A662A22DEFE2E00427D84;
					};
					4A3A664D22DEFE2F00427D84 = {
						CreatedOnToolsVersion = 10.2;
						TestTargetID = 4A3A662A22DEFE2E00427D84;
					};
				};
			};
			buildConfigurationList = 4A3A662622DEFE2E00427D84 /* Build configuration list for PBXProject "HelloWorld" */;
			compatibilityVersion = "Xcode 9.3";
			developmentRegion = en;
			hasScannedForEncodings = 0;
			knownRegions = (
				en,
				Base,
			);
			mainGroup = 4A3A662222DEFE2E00427D84;
			productRefGroup = 4A3A662C22DEFE2E00427D84 /* Products */;
			projectDirPath = "";
			projectRoot = "";
			targets = (
				4A3A662A22DEFE2E00427D84 /* HelloWorld */,
				4A3A664222DEFE2F00427D84 /* HelloWorldTests */,
				4A3A664D22DEFE2F00427D84 /* HelloWorldUITests */,
			);
		};
/* End PBXProject section */

/* Begin PBXResourcesBuildPhase section */
		4A3A662922DEFE2E00427D84 /* Resources */ = {
			isa = PBXResourcesBuildPhase;
			buildActionMask = 2147483647;
			files = (
				4A3A666022DF00F100427D84 /* Main.storyboard in Resources */,
				4A3A663B22DEFE2F00427D84 /* LaunchScreen.storyboard in Resources */,
				4A3A663822DEFE2F00427D84 /* Assets.xcassets in Resources */,
				4AAD642C22E8497700B30D4D /* 789.txt in Resources */,
				4AAD642A22E848D000B30D4D /* 123.txt in Resources */,
			);
			runOnlyForDeploymentPostprocessing = 0;
		};
		4A3A664122DEFE2F00427D84 /* Resources */ = {
			isa = PBXResourcesBuildPhase;
			buildActionMask = 2147483647;
			files = (
			);
			runOnlyForDeploymentPostprocessing = 0;
		};
		4A3A664C22DEFE2F00427D84 /* Resources */ = {
			isa = PBXResourcesBuildPhase;
			buildActionMask = 2147483647;
			files = (
			);
			runOnlyForDeploymentPostprocessing = 0;
		};
/* End PBXResourcesBuildPhase section */

/* Begin PBXSourcesBuildPhase section */
		4A3A662722DEFE2E00427D84 /* Sources */ = {
			isa = PBXSourcesBuildPhase;
			buildActionMask = 2147483647;
			files = (
				4A3A663322DEFE2E00427D84 /* ViewController.m in Sources */,
				4A3A663E22DEFE2F00427D84 /* main.m in Sources */,
				4A3A663022DEFE2E00427D84 /* AppDelegate.m in Sources */,
			);
			runOnlyForDeploymentPostprocessing = 0;
		};
		4A3A663F22DEFE2F00427D84 /* Sources */ = {
			isa = PBXSourcesBuildPhase;
			buildActionMask = 2147483647;
			files = (
				4A3A664822DEFE2F00427D84 /* HelloWorldTests.m in Sources */,
			);
			runOnlyForDeploymentPostprocessing = 0;
		};
		4A3A664A22DEFE2F00427D84 /* Sources */ = {
			isa = PBXSourcesBuildPhase;
			buildActionMask = 2147483647;
			files = (
				4A3A665322DEFE2F00427D84 /* HelloWorldUITests.m in Sources */,
			);
			runOnlyForDeploymentPostprocessing = 0;
		};
/* End PBXSourcesBuildPhase section */

/* Begin PBXTargetDependency section */
		4A3A664522DEFE2F00427D84 /* PBXTargetDependency */ = {
			isa = PBXTargetDependency;
			target = 4A3A662A22DEFE2E00427D84 /* HelloWorld */;
			targetProxy = 4A3A664422DEFE2F00427D84 /* PBXContainerItemProxy */;
		};
		4A3A665022DEFE2F00427D84 /* PBXTargetDependency */ = {
			isa = PBXTargetDependency;
			target = 4A3A662A22DEFE2E00427D84 /* HelloWorld */;
			targetProxy = 4A3A664F22DEFE2F00427D84 /* PBXContainerItemProxy */;
		};
/* End PBXTargetDependency section */

/* Begin PBXVariantGroup section */
		4A3A663422DEFE2E00427D84 /* Main.storyboard */ = {
			isa = PBXVariantGroup;
			children = (
				4A3A663522DEFE2E00427D84 /* Base */,
			);
			name = Main.storyboard;
			sourceTree = "<group>";
		};
		4A3A663922DEFE2F00427D84 /* LaunchScreen.storyboard */ = {
			isa = PBXVariantGroup;
			children = (
				4A3A663A22DEFE2F00427D84 /* Base */,
			);
			name = LaunchScreen.storyboard;
			sourceTree = "<group>";
		};
/* End PBXVariantGroup section */

/* Begin XCBuildConfiguration section */
		4A3A665522DEFE2F00427D84 /* Debug */ = {
			isa = XCBuildConfiguration;
			buildSettings = {
				ALWAYS_SEARCH_USER_PATHS = NO;
				CLANG_ANALYZER_NONNULL = YES;
				CLANG_ANALYZER_NUMBER_OBJECT_CONVERSION = YES_AGGRESSIVE;
				CLANG_CXX_LANGUAGE_STANDARD = "gnu++14";
				CLANG_CXX_LIBRARY = "libc++";
				CLANG_ENABLE_MODULES = YES;
				CLANG_ENABLE_OBJC_ARC = YES;
				CLANG_ENABLE_OBJC_WEAK = YES;
				CLANG_WARN_BLOCK_CAPTURE_AUTORELEASING = YES;
				CLANG_WARN_BOOL_CONVERSION = YES;
				CLANG_WARN_COMMA = YES;
				CLANG_WARN_CONSTANT_CONVERSION = YES;
				CLANG_WARN_DEPRECATED_OBJC_IMPLEMENTATIONS = YES;
				CLANG_WARN_DIRECT_OBJC_ISA_USAGE = YES_ERROR;
				CLANG_WARN_DOCUMENTATION_COMMENTS = YES;
				CLANG_WARN_EMPTY_BODY = YES;
				CLANG_WARN_ENUM_CONVERSION = YES;
				CLANG_WARN_INFINITE_RECURSION = YES;
				CLANG_WARN_INT_CONVERSION = YES;
				CLANG_WARN_NON_LITERAL_NULL_CONVERSION = YES;
				CLANG_WARN_OBJC_IMPLICIT_RETAIN_SELF = YES;
				CLANG_WARN_OBJC_LITERAL_CONVERSION = YES;
				CLANG_WARN_OBJC_ROOT_CLASS = YES_ERROR;
				CLANG_WARN_RANGE_LOOP_ANALYSIS = YES;
				CLANG_WARN_STRICT_PROTOTYPES = YES;
				CLANG_WARN_SUSPICIOUS_MOVE = YES;
				CLANG_WARN_UNGUARDED_AVAILABILITY = YES_AGGRESSIVE;
				CLANG_WARN_UNREACHABLE_CODE = YES;
				CLANG_WARN__DUPLICATE_METHOD_MATCH = YES;
				CODE_SIGN_IDENTITY = "iPhone Developer";
				COPY_PHASE_STRIP = NO;
				DEBUG_INFORMATION_FORMAT = dwarf;
				ENABLE_STRICT_OBJC_MSGSEND = YES;
				ENABLE_TESTABILITY = YES;
				GCC_C_LANGUAGE_STANDARD = gnu11;
				GCC_DYNAMIC_NO_PIC = NO;
				GCC_NO_COMMON_BLOCKS = YES;
				GCC_OPTIMIZATION_LEVEL = 0;
				GCC_PREPROCESSOR_DEFINITIONS = (
					"DEBUG=1",
					"$(inherited)",
				);
				GCC_WARN_64_TO_32_BIT_CONVERSION = YES;
				GCC_WARN_ABOUT_RETURN_TYPE = YES_ERROR;
				GCC_WARN_UNDECLARED_SELECTOR = YES;
				GCC_WARN_UNINITIALIZED_AUTOS = YES_AGGRESSIVE;
				GCC_WARN_UNUSED_FUNCTION = YES;
				GCC_WARN_UNUSED_VARIABLE = YES;
				IPHONEOS_DEPLOYMENT_TARGET = 12.2;
				MTL_ENABLE_DEBUG_INFO = INCLUDE_SOURCE;
				MTL_FAST_MATH = YES;
				ONLY_ACTIVE_ARCH = YES;
				SDKROOT = iphoneos;
			};
			name = Debug;
		};
		4A3A665622DEFE2F00427D84 /* Release */ = {
			isa = XCBuildConfiguration;
			buildSettings = {
				ALWAYS_SEARCH_USER_PATHS = NO;
				CLANG_ANALYZER_NONNULL = YES;
				CLANG_ANALYZER_NUMBER_OBJECT_CONVERSION = YES_AGGRESSIVE;
				CLANG_CXX_LANGUAGE_STANDARD = "gnu++14";
				CLANG_CXX_LIBRARY = "libc++";
				CLANG_ENABLE_MODULES = YES;
				CLANG_ENABLE_OBJC_ARC = YES;
				CLANG_ENABLE_OBJC_WEAK = YES;
				CLANG_WARN_BLOCK_CAPTURE_AUTORELEASING = YES;
				CLANG_WARN_BOOL_CONVERSION = YES;
				CLANG_WARN_COMMA = YES;
				CLANG_WARN_CONSTANT_CONVERSION = YES;
				CLANG_WARN_DEPRECATED_OBJC_IMPLEMENTATIONS = YES;
				CLANG_WARN_DIRECT_OBJC_ISA_USAGE = YES_ERROR;
				CLANG_WARN_DOCUMENTATION_COMMENTS = YES;
				CLANG_WARN_EMPTY_BODY = YES;
				CLANG_WARN_ENUM_CONVERSION = YES;
				CLANG_WARN_INFINITE_RECURSION = YES;
				CLANG_WARN_INT_CONVERSION = YES;
				CLANG_WARN_NON_LITERAL_NULL_CONVERSION = YES;
				CLANG_WARN_OBJC_IMPLICIT_RETAIN_SELF = YES;
				CLANG_WARN_OBJC_LITERAL_CONVERSION = YES;
				CLANG_WARN_OBJC_ROOT_CLASS = YES_ERROR;
				CLANG_WARN_RANGE_LOOP_ANALYSIS = YES;
				CLANG_WARN_STRICT_PROTOTYPES = YES;
				CLANG_WARN_SUSPICIOUS_MOVE = YES;
				CLANG_WARN_UNGUARDED_AVAILABILITY = YES_AGGRESSIVE;
				CLANG_WARN_UNREACHABLE_CODE = YES;
				CLANG_WARN__DUPLICATE_METHOD_MATCH = YES;
				CODE_SIGN_IDENTITY = "iPhone Developer";
				COPY_PHASE_STRIP = NO;
				DEBUG_INFORMATION_FORMAT = "dwarf-with-dsym";
				ENABLE_NS_ASSERTIONS = NO;
				ENABLE_STRICT_OBJC_MSGSEND = YES;
				GCC_C_LANGUAGE_STANDARD = gnu11;
				GCC_NO_COMMON_BLOCKS = YES;
				GCC_WARN_64_TO_32_BIT_CONVERSION = YES;
				GCC_WARN_ABOUT_RETURN_TYPE = YES_ERROR;
				GCC_WARN_UNDECLARED_SELECTOR = YES;
				GCC_WARN_UNINITIALIZED_AUTOS = YES_AGGRESSIVE;
				GCC_WARN_UNUSED_FUNCTION = YES;
				GCC_WARN_UNUSED_VARIABLE = YES;
				IPHONEOS_DEPLOYMENT_TARGET = 12.2;
				MTL_ENABLE_DEBUG_INFO = NO;
				MTL_FAST_MATH = YES;
				SDKROOT = iphoneos;
				VALIDATE_PRODUCT = YES;
			};
			name = Release;
		};
		4A3A665822DEFE2F00427D84 /* Debug */ = {
			isa = XCBuildConfiguration;
			buildSettings = {
				ASSETCATALOG_COMPILER_APPICON_NAME = AppIcon;
				CODE_SIGN_STYLE = Automatic;
				DEVELOPMENT_TEAM = 2V6NGD47YW;
				INFOPLIST_FILE = HelloWorld/Info.plist;
				LD_RUNPATH_SEARCH_PATHS = (
					"$(inherited)",
					"@executable_path/Frameworks",
				);
				PRODUCT_BUNDLE_IDENTIFIER = KOE.HelloWorld;
				PRODUCT_NAME = "$(TARGET_NAME)";
				TARGETED_DEVICE_FAMILY = "1,2";
			};
			name = Debug;
		};
		4A3A665922DEFE2F00427D84 /* Release */ = {
			isa = XCBuildConfiguration;
			buildSettings = {
				ASSETCATALOG_COMPILER_APPICON_NAME = AppIcon;
				CODE_SIGN_STYLE = Automatic;
				DEVELOPMENT_TEAM = 2V6NGD47YW;
				INFOPLIST_FILE = HelloWorld/Info.plist;
				LD_RUNPATH_SEARCH_PATHS = (
					"$(inherited)",
					"@executable_path/Frameworks",
				);
				PRODUCT_BUNDLE_IDENTIFIER = KOE.HelloWorld;
				PRODUCT_NAME = "$(TARGET_NAME)";
				TARGETED_DEVICE_FAMILY = "1,2";
			};
			name = Release;
		};
		4A3A665B22DEFE2F00427D84 /* Debug */ = {
			isa = XCBuildConfiguration;
			buildSettings = {
				BUNDLE_LOADER = "$(TEST_HOST)";
				CODE_SIGN_STYLE = Automatic;
				DEVELOPMENT_TEAM = 2V6NGD47YW;
				INFOPLIST_FILE = HelloWorldTests/Info.plist;
				LD_RUNPATH_SEARCH_PATHS = (
					"$(inherited)",
					"@executable_path/Frameworks",
					"@loader_path/Frameworks",
				);
				PRODUCT_BUNDLE_IDENTIFIER = KOE.HelloWorldTests;
				PRODUCT_NAME = "$(TARGET_NAME)";
				TARGETED_DEVICE_FAMILY = "1,2";
				TEST_HOST = "$(BUILT_PRODUCTS_DIR)/HelloWorld.app/HelloWorld";
			};
			name = Debug;
		};
		4A3A665C22DEFE2F00427D84 /* Release */ = {
			isa = XCBuildConfiguration;
			buildSettings = {
				BUNDLE_LOADER = "$(TEST_HOST)";
				CODE_SIGN_STYLE = Automatic;
				DEVELOPMENT_TEAM = 2V6NGD47YW;
				INFOPLIST_FILE = HelloWorldTests/Info.plist;
				LD_RUNPATH_SEARCH_PATHS = (
					"$(inherited)",
					"@executable_path/Frameworks",
					"@loader_path/Frameworks",
				);
				PRODUCT_BUNDLE_IDENTIFIER = KOE.HelloWorldTests;
				PRODUCT_NAME = "$(TARGET_NAME)";
				TARGETED_DEVICE_FAMILY = "1,2";
				TEST_HOST = "$(BUILT_PRODUCTS_DIR)/HelloWorld.app/HelloWorld";
			};
			name = Release;
		};
		4A3A665E22DEFE2F00427D84 /* Debug */ = {
			isa = XCBuildConfiguration;
			buildSettings = {
				CODE_SIGN_STYLE = Automatic;
				DEVELOPMENT_TEAM = 2V6NGD47YW;
				INFOPLIST_FILE = HelloWorldUITests/Info.plist;
				LD_RUNPATH_SEARCH_PATHS = (
					"$(inherited)",
					"@executable_path/Frameworks",
					"@loader_path/Frameworks",
				);
				PRODUCT_BUNDLE_IDENTIFIER = KOE.HelloWorldUITests;
				PRODUCT_NAME = "$(TARGET_NAME)";
				TARGETED_DEVICE_FAMILY = "1,2";
				TEST_TARGET_NAME = HelloWorld;
			};
			name = Debug;
		};
		4A3A665F22DEFE2F00427D84 /* Release */ = {
			isa = XCBuildConfiguration;
			buildSettings = {
				CODE_SIGN_STYLE = Automatic;
				DEVELOPMENT_TEAM = 2V6NGD47YW;
				INFOPLIST_FILE = HelloWorldUITests/Info.plist;
				LD_RUNPATH_SEARCH_PATHS = (
					"$(inherited)",
					"@executable_path/Frameworks",
					"@loader_path/Frameworks",
				);
				PRODUCT_BUNDLE_IDENTIFIER = KOE.HelloWorldUITests;
				PRODUCT_NAME = "$(TARGET_NAME)";
				TARGETED_DEVICE_FAMILY = "1,2";
				TEST_TARGET_NAME = HelloWorld;
			};
			name = Release;
		};
/* End XCBuildConfiguration section */

/* Begin XCConfigurationList section */
		4A3A662622DEFE2E00427D84 /* Build configuration list for PBXProject "HelloWorld" */ = {
			isa = XCConfigurationList;
			buildConfigurations = (
				4A3A665522DEFE2F00427D84 /* Debug */,
				4A3A665622DEFE2F00427D84 /* Release */,
			);
			defaultConfigurationIsVisible = 0;
			defaultConfigurationName = Release;
		};
		4A3A665722DEFE2F00427D84 /* Build configuration list for PBXNativeTarget "HelloWorld" */ = {
			isa = XCConfigurationList;
			buildConfigurations = (
				4A3A665822DEFE2F00427D84 /* Debug */,
				4A3A665922DEFE2F00427D84 /* Release */,
			);
			defaultConfigurationIsVisible = 0;
			defaultConfigurationName = Release;
		};
		4A3A665A22DEFE2F00427D84 /* Build configuration list for PBXNativeTarget "HelloWorldTests" */ = {
			isa = XCConfigurationList;
			buildConfigurations = (
				4A3A665B22DEFE2F00427D84 /* Debug */,
				4A3A665C22DEFE2F00427D84 /* Release */,
			);
			defaultConfigurationIsVisible = 0;
			defaultConfigurationName = Release;
		};
		4A3A665D22DEFE2F00427D84 /* Build configuration list for PBXNativeTarget "HelloWorldUITests" */ = {
			isa = XCConfigurationList;
			buildConfigurations = (
				4A3A665E22DEFE2F00427D84 /* Debug */,
				4A3A665F22DEFE2F00427D84 /* Release */,
			);
			defaultConfigurationIsVisible = 0;
			defaultConfigurationName = Release;
		};
/* End XCConfigurationList section */
	};
	rootObject = 4A3A662322DEFE2E00427D84 /* Project object */;
}
